// !$*UTF8*$!
{
	archiveVersion = 1;
	classes = {
	};
	objectVersion = 50;
	objects = {

/* Begin PBXBuildFile section */
		AF18DB1F2132E59500AE214F /* DDStateMachine.framework in Frameworks */ = {isa = PBXBuildFile; fileRef = AF18DB152132E59500AE214F /* DDStateMachine.framework */; };
		AF18DB242132E59500AE214F /* DDStateMachineTests.swift in Sources */ = {isa = PBXBuildFile; fileRef = AF18DB232132E59500AE214F /* DDStateMachineTests.swift */; };
		AF18DB262132E59500AE214F /* DDStateMachine.h in Headers */ = {isa = PBXBuildFile; fileRef = AF18DB182132E59500AE214F /* DDStateMachine.h */; settings = {ATTRIBUTES = (Public, ); }; };
		AF18DB312132E97C00AE214F /* ReactiveSwift.framework in Frameworks */ = {isa = PBXBuildFile; fileRef = AF18DB302132E97B00AE214F /* ReactiveSwift.framework */; };
		AF18DB332132E98C00AE214F /* Result.framework in Frameworks */ = {isa = PBXBuildFile; fileRef = AF18DB322132E98C00AE214F /* Result.framework */; };
		AF18DB352132E9F900AE214F /* State.swift in Sources */ = {isa = PBXBuildFile; fileRef = AF18DB342132E9F900AE214F /* State.swift */; };
		AF18DB372132EA3000AE214F /* StateMachineBuilder.swift in Sources */ = {isa = PBXBuildFile; fileRef = AF18DB362132EA3000AE214F /* StateMachineBuilder.swift */; };
		AF18DB392132EA8200AE214F /* StateMachine.swift in Sources */ = {isa = PBXBuildFile; fileRef = AF18DB382132EA8200AE214F /* StateMachine.swift */; };
		AFC9A3DF213AD557008AE7A2 /* WorkState.swift in Sources */ = {isa = PBXBuildFile; fileRef = AFC9A3DE213AD557008AE7A2 /* WorkState.swift */; };
		AFC9A3E1213AD5A1008AE7A2 /* ExtraStateProtocol.swift in Sources */ = {isa = PBXBuildFile; fileRef = AFC9A3E0213AD5A1008AE7A2 /* ExtraStateProtocol.swift */; };
		AFC9A3E3213AD5DE008AE7A2 /* StateDirection.swift in Sources */ = {isa = PBXBuildFile; fileRef = AFC9A3E2213AD5DE008AE7A2 /* StateDirection.swift */; };
		AFC9A3E5213AD612008AE7A2 /* StateContainer.swift in Sources */ = {isa = PBXBuildFile; fileRef = AFC9A3E4213AD612008AE7A2 /* StateContainer.swift */; };
		AFC9A3E7213AD63D008AE7A2 /* WorkStateContainer.swift in Sources */ = {isa = PBXBuildFile; fileRef = AFC9A3E6213AD63D008AE7A2 /* WorkStateContainer.swift */; };
		AFC9A3E9213AD669008AE7A2 /* IfCondition.swift in Sources */ = {isa = PBXBuildFile; fileRef = AFC9A3E8213AD669008AE7A2 /* IfCondition.swift */; };
		AFC9A3EB213AD68F008AE7A2 /* OnCondition.swift in Sources */ = {isa = PBXBuildFile; fileRef = AFC9A3EA213AD68F008AE7A2 /* OnCondition.swift */; };
		AFC9A3ED213AD6B7008AE7A2 /* ResultCondition.swift in Sources */ = {isa = PBXBuildFile; fileRef = AFC9A3EC213AD6B7008AE7A2 /* ResultCondition.swift */; };
		AFC9A3EE213AD70A008AE7A2 /* ReactiveSwift.framework in Frameworks */ = {isa = PBXBuildFile; fileRef = AF18DB302132E97B00AE214F /* ReactiveSwift.framework */; };
		AFC9A3EF213AD714008AE7A2 /* Result.framework in Frameworks */ = {isa = PBXBuildFile; fileRef = AF18DB322132E98C00AE214F /* Result.framework */; };
		AFC9A3F5213ADD0F008AE7A2 /* StateBuilder.swift in Sources */ = {isa = PBXBuildFile; fileRef = AFC9A3F4213ADD0F008AE7A2 /* StateBuilder.swift */; };
		AFC9A3F7213ADD3F008AE7A2 /* WorkStateBuilder.swift in Sources */ = {isa = PBXBuildFile; fileRef = AFC9A3F6213ADD3F008AE7A2 /* WorkStateBuilder.swift */; };
		AFC9A3F9213ADD8B008AE7A2 /* ConditionBuilder.swift in Sources */ = {isa = PBXBuildFile; fileRef = AFC9A3F8213ADD8B008AE7A2 /* ConditionBuilder.swift */; };
		AFC9A3FB213ADDD1008AE7A2 /* EventBuilder.swift in Sources */ = {isa = PBXBuildFile; fileRef = AFC9A3FA213ADDD1008AE7A2 /* EventBuilder.swift */; };
		AFC9A3FD213ADE13008AE7A2 /* WorkEventBuilder.swift in Sources */ = {isa = PBXBuildFile; fileRef = AFC9A3FC213ADE13008AE7A2 /* WorkEventBuilder.swift */; };
/* End PBXBuildFile section */

/* Begin PBXContainerItemProxy section */
		AF18DB202132E59500AE214F /* PBXContainerItemProxy */ = {
			isa = PBXContainerItemProxy;
			containerPortal = AF18DB0C2132E59500AE214F /* Project object */;
			proxyType = 1;
			remoteGlobalIDString = AF18DB142132E59500AE214F;
			remoteInfo = DDStateMachine;
		};
/* End PBXContainerItemProxy section */

/* Begin PBXFileReference section */
		AF18DB152132E59500AE214F /* DDStateMachine.framework */ = {isa = PBXFileReference; explicitFileType = wrapper.framework; includeInIndex = 0; path = DDStateMachine.framework; sourceTree = BUILT_PRODUCTS_DIR; };
		AF18DB182132E59500AE214F /* DDStateMachine.h */ = {isa = PBXFileReference; lastKnownFileType = sourcecode.c.h; path = DDStateMachine.h; sourceTree = "<group>"; };
		AF18DB192132E59500AE214F /* Info.plist */ = {isa = PBXFileReference; lastKnownFileType = text.plist.xml; path = Info.plist; sourceTree = "<group>"; };
		AF18DB1E2132E59500AE214F /* DDStateMachineTests.xctest */ = {isa = PBXFileReference; explicitFileType = wrapper.cfbundle; includeInIndex = 0; path = DDStateMachineTests.xctest; sourceTree = BUILT_PRODUCTS_DIR; };
		AF18DB232132E59500AE214F /* DDStateMachineTests.swift */ = {isa = PBXFileReference; lastKnownFileType = sourcecode.swift; path = DDStateMachineTests.swift; sourceTree = "<group>"; };
		AF18DB252132E59500AE214F /* Info.plist */ = {isa = PBXFileReference; lastKnownFileType = text.plist.xml; path = Info.plist; sourceTree = "<group>"; };
		AF18DB302132E97B00AE214F /* ReactiveSwift.framework */ = {isa = PBXFileReference; lastKnownFileType = wrapper.framework; name = ReactiveSwift.framework; path = Carthage/Build/iOS/ReactiveSwift.framework; sourceTree = "<group>"; };
		AF18DB322132E98C00AE214F /* Result.framework */ = {isa = PBXFileReference; lastKnownFileType = wrapper.framework; name = Result.framework; path = Carthage/Build/iOS/Result.framework; sourceTree = "<group>"; };
		AF18DB342132E9F900AE214F /* State.swift */ = {isa = PBXFileReference; lastKnownFileType = sourcecode.swift; path = State.swift; sourceTree = "<group>"; };
		AF18DB362132EA3000AE214F /* StateMachineBuilder.swift */ = {isa = PBXFileReference; lastKnownFileType = sourcecode.swift; path = StateMachineBuilder.swift; sourceTree = "<group>"; };
		AF18DB382132EA8200AE214F /* StateMachine.swift */ = {isa = PBXFileReference; lastKnownFileType = sourcecode.swift; path = StateMachine.swift; sourceTree = "<group>"; };
		AFC9A3DE213AD557008AE7A2 /* WorkState.swift */ = {isa = PBXFileReference; lastKnownFileType = sourcecode.swift; path = WorkState.swift; sourceTree = "<group>"; };
		AFC9A3E0213AD5A1008AE7A2 /* ExtraStateProtocol.swift */ = {isa = PBXFileReference; lastKnownFileType = sourcecode.swift; path = ExtraStateProtocol.swift; sourceTree = "<group>"; };
		AFC9A3E2213AD5DE008AE7A2 /* StateDirection.swift */ = {isa = PBXFileReference; lastKnownFileType = sourcecode.swift; path = StateDirection.swift; sourceTree = "<group>"; };
		AFC9A3E4213AD612008AE7A2 /* StateContainer.swift */ = {isa = PBXFileReference; lastKnownFileType = sourcecode.swift; path = StateContainer.swift; sourceTree = "<group>"; };
		AFC9A3E6213AD63D008AE7A2 /* WorkStateContainer.swift */ = {isa = PBXFileReference; lastKnownFileType = sourcecode.swift; path = WorkStateContainer.swift; sourceTree = "<group>"; };
		AFC9A3E8213AD669008AE7A2 /* IfCondition.swift */ = {isa = PBXFileReference; lastKnownFileType = sourcecode.swift; path = IfCondition.swift; sourceTree = "<group>"; };
		AFC9A3EA213AD68F008AE7A2 /* OnCondition.swift */ = {isa = PBXFileReference; lastKnownFileType = sourcecode.swift; path = OnCondition.swift; sourceTree = "<group>"; };
		AFC9A3EC213AD6B7008AE7A2 /* ResultCondition.swift */ = {isa = PBXFileReference; lastKnownFileType = sourcecode.swift; path = ResultCondition.swift; sourceTree = "<group>"; };
		AFC9A3F4213ADD0F008AE7A2 /* StateBuilder.swift */ = {isa = PBXFileReference; lastKnownFileType = sourcecode.swift; path = StateBuilder.swift; sourceTree = "<group>"; };
		AFC9A3F6213ADD3F008AE7A2 /* WorkStateBuilder.swift */ = {isa = PBXFileReference; lastKnownFileType = sourcecode.swift; path = WorkStateBuilder.swift; sourceTree = "<group>"; };
		AFC9A3F8213ADD8B008AE7A2 /* ConditionBuilder.swift */ = {isa = PBXFileReference; lastKnownFileType = sourcecode.swift; path = ConditionBuilder.swift; sourceTree = "<group>"; };
		AFC9A3FA213ADDD1008AE7A2 /* EventBuilder.swift */ = {isa = PBXFileReference; lastKnownFileType = sourcecode.swift; path = EventBuilder.swift; sourceTree = "<group>"; };
		AFC9A3FC213ADE13008AE7A2 /* WorkEventBuilder.swift */ = {isa = PBXFileReference; lastKnownFileType = sourcecode.swift; path = WorkEventBuilder.swift; sourceTree = "<group>"; };
/* End PBXFileReference section */

/* Begin PBXFrameworksBuildPhase section */
		AF18DB112132E59500AE214F /* Frameworks */ = {
			isa = PBXFrameworksBuildPhase;
			buildActionMask = 2147483647;
			files = (
				AF18DB332132E98C00AE214F /* Result.framework in Frameworks */,
				AF18DB312132E97C00AE214F /* ReactiveSwift.framework in Frameworks */,
			);
			runOnlyForDeploymentPostprocessing = 0;
		};
		AF18DB1B2132E59500AE214F /* Frameworks */ = {
			isa = PBXFrameworksBuildPhase;
			buildActionMask = 2147483647;
			files = (
				AFC9A3EF213AD714008AE7A2 /* Result.framework in Frameworks */,
				AF18DB1F2132E59500AE214F /* DDStateMachine.framework in Frameworks */,
				AFC9A3EE213AD70A008AE7A2 /* ReactiveSwift.framework in Frameworks */,
			);
			runOnlyForDeploymentPostprocessing = 0;
		};
/* End PBXFrameworksBuildPhase section */

/* Begin PBXGroup section */
		AF18DB0B2132E59500AE214F = {
			isa = PBXGroup;
			children = (
				AF18DB172132E59500AE214F /* DDStateMachine */,
				AF18DB222132E59500AE214F /* DDStateMachineTests */,
				AF18DB162132E59500AE214F /* Products */,
				AF18DB2F2132E97B00AE214F /* Frameworks */,
			);
			sourceTree = "<group>";
		};
		AF18DB162132E59500AE214F /* Products */ = {
			isa = PBXGroup;
			children = (
				AF18DB152132E59500AE214F /* DDStateMachine.framework */,
				AF18DB1E2132E59500AE214F /* DDStateMachineTests.xctest */,
			);
			name = Products;
			sourceTree = "<group>";
		};
		AF18DB172132E59500AE214F /* DDStateMachine */ = {
			isa = PBXGroup;
			children = (
				AFC9A3FF213ADE9A008AE7A2 /* Models */,
				AFC9A3FE213ADE88008AE7A2 /* States */,
				AFC9A3F3213ADCEC008AE7A2 /* Conditions */,
				AFC9A3F2213ADCDE008AE7A2 /* Builders */,
				AF18DB182132E59500AE214F /* DDStateMachine.h */,
				AF18DB192132E59500AE214F /* Info.plist */,
				AF18DB382132EA8200AE214F /* StateMachine.swift */,
			);
			path = DDStateMachine;
			sourceTree = "<group>";
		};
		AF18DB222132E59500AE214F /* DDStateMachineTests */ = {
			isa = PBXGroup;
			children = (
				AF18DB232132E59500AE214F /* DDStateMachineTests.swift */,
				AF18DB252132E59500AE214F /* Info.plist */,
			);
			path = DDStateMachineTests;
			sourceTree = "<group>";
		};
		AF18DB2F2132E97B00AE214F /* Frameworks */ = {
			isa = PBXGroup;
			children = (
				AF18DB322132E98C00AE214F /* Result.framework */,
				AF18DB302132E97B00AE214F /* ReactiveSwift.framework */,
			);
			name = Frameworks;
			sourceTree = "<group>";
		};
		AFC9A3F2213ADCDE008AE7A2 /* Builders */ = {
			isa = PBXGroup;
			children = (
				AF18DB362132EA3000AE214F /* StateMachineBuilder.swift */,
				AFC9A3F4213ADD0F008AE7A2 /* StateBuilder.swift */,
				AFC9A3F6213ADD3F008AE7A2 /* WorkStateBuilder.swift */,
				AFC9A3F8213ADD8B008AE7A2 /* ConditionBuilder.swift */,
				AFC9A3FA213ADDD1008AE7A2 /* EventBuilder.swift */,
				AFC9A3FC213ADE13008AE7A2 /* WorkEventBuilder.swift */,
			);
			path = Builders;
			sourceTree = "<group>";
		};
		AFC9A3F3213ADCEC008AE7A2 /* Conditions */ = {
			isa = PBXGroup;
			children = (
				AFC9A3E8213AD669008AE7A2 /* IfCondition.swift */,
				AFC9A3EA213AD68F008AE7A2 /* OnCondition.swift */,
				AFC9A3EC213AD6B7008AE7A2 /* ResultCondition.swift */,
			);
			path = Conditions;
			sourceTree = "<group>";
		};
		AFC9A3FE213ADE88008AE7A2 /* States */ = {
			isa = PBXGroup;
			children = (
				AF18DB342132E9F900AE214F /* State.swift */,
				AFC9A3DE213AD557008AE7A2 /* WorkState.swift */,
			);
			path = States;
			sourceTree = "<group>";
		};
		AFC9A3FF213ADE9A008AE7A2 /* Models */ = {
			isa = PBXGroup;
			children = (
				AFC9A3E0213AD5A1008AE7A2 /* ExtraStateProtocol.swift */,
				AFC9A3E2213AD5DE008AE7A2 /* StateDirection.swift */,
				AFC9A3E4213AD612008AE7A2 /* StateContainer.swift */,
				AFC9A3E6213AD63D008AE7A2 /* WorkStateContainer.swift */,
			);
			path = Models;
			sourceTree = "<group>";
		};
/* End PBXGroup section */

/* Begin PBXHeadersBuildPhase section */
		AF18DB122132E59500AE214F /* Headers */ = {
			isa = PBXHeadersBuildPhase;
			buildActionMask = 2147483647;
			files = (
				AF18DB262132E59500AE214F /* DDStateMachine.h in Headers */,
			);
			runOnlyForDeploymentPostprocessing = 0;
		};
/* End PBXHeadersBuildPhase section */

/* Begin PBXNativeTarget section */
		AF18DB142132E59500AE214F /* DDStateMachine */ = {
			isa = PBXNativeTarget;
			buildConfigurationList = AF18DB292132E59500AE214F /* Build configuration list for PBXNativeTarget "DDStateMachine" */;
			buildPhases = (
				AF18DB102132E59500AE214F /* Sources */,
				AF18DB112132E59500AE214F /* Frameworks */,
				AF18DB122132E59500AE214F /* Headers */,
				AF18DB132132E59500AE214F /* Resources */,
				AFC9A3F0213AD8A3008AE7A2 /* Run Carthage Script */,
			);
			buildRules = (
			);
			dependencies = (
			);
			name = DDStateMachine;
			productName = DDStateMachine;
			productReference = AF18DB152132E59500AE214F /* DDStateMachine.framework */;
			productType = "com.apple.product-type.framework";
		};
		AF18DB1D2132E59500AE214F /* DDStateMachineTests */ = {
			isa = PBXNativeTarget;
			buildConfigurationList = AF18DB2C2132E59500AE214F /* Build configuration list for PBXNativeTarget "DDStateMachineTests" */;
			buildPhases = (
				AF18DB1A2132E59500AE214F /* Sources */,
				AF18DB1B2132E59500AE214F /* Frameworks */,
				AF18DB1C2132E59500AE214F /* Resources */,
				AFC9A3F1213AD915008AE7A2 /* Run Carthage Script */,
			);
			buildRules = (
			);
			dependencies = (
				AF18DB212132E59500AE214F /* PBXTargetDependency */,
			);
			name = DDStateMachineTests;
			productName = DDStateMachineTests;
			productReference = AF18DB1E2132E59500AE214F /* DDStateMachineTests.xctest */;
			productType = "com.apple.product-type.bundle.unit-test";
		};
/* End PBXNativeTarget section */

/* Begin PBXProject section */
		AF18DB0C2132E59500AE214F /* Project object */ = {
			isa = PBXProject;
			attributes = {
				LastSwiftUpdateCheck = 0940;
				LastUpgradeCheck = 0940;
				TargetAttributes = {
					AF18DB142132E59500AE214F = {
						CreatedOnToolsVersion = 9.4.1;
						LastSwiftMigration = 0940;
					};
					AF18DB1D2132E59500AE214F = {
						CreatedOnToolsVersion = 9.4.1;
					};
				};
			};
			buildConfigurationList = AF18DB0F2132E59500AE214F /* Build configuration list for PBXProject "DDStateMachine" */;
			compatibilityVersion = "Xcode 9.3";
			developmentRegion = en;
			hasScannedForEncodings = 0;
			knownRegions = (
				en,
				Base,
			);
			mainGroup = AF18DB0B2132E59500AE214F;
			productRefGroup = AF18DB162132E59500AE214F /* Products */;
			projectDirPath = "";
			projectRoot = "";
			targets = (
				AF18DB142132E59500AE214F /* DDStateMachine */,
				AF18DB1D2132E59500AE214F /* DDStateMachineTests */,
			);
		};
/* End PBXProject section */

/* Begin PBXResourcesBuildPhase section */
		AF18DB132132E59500AE214F /* Resources */ = {
			isa = PBXResourcesBuildPhase;
			buildActionMask = 2147483647;
			files = (
			);
			runOnlyForDeploymentPostprocessing = 0;
		};
		AF18DB1C2132E59500AE214F /* Resources */ = {
			isa = PBXResourcesBuildPhase;
			buildActionMask = 2147483647;
			files = (
			);
			runOnlyForDeploymentPostprocessing = 0;
		};
/* End PBXResourcesBuildPhase section */

/* Begin PBXShellScriptBuildPhase section */
		AFC9A3F0213AD8A3008AE7A2 /* Run Carthage Script */ = {
			isa = PBXShellScriptBuildPhase;
			buildActionMask = 2147483647;
			files = (
			);
			inputPaths = (
				"$(SRCROOT)/Carthage/Build/iOS/ReactiveSwift.framework",
				"$(SRCROOT)/Carthage/Build/iOS/Result.framework",
			);
			name = "Run Carthage Script";
			outputPaths = (
			);
			runOnlyForDeploymentPostprocessing = 0;
			shellPath = /bin/sh;
			shellScript = "/usr/local/bin/carthage copy-frameworks";
		};
		AFC9A3F1213AD915008AE7A2 /* Run Carthage Script */ = {
			isa = PBXShellScriptBuildPhase;
			buildActionMask = 2147483647;
			files = (
			);
			inputPaths = (
				"$(SRCROOT)/Carthage/Build/iOS/ReactiveSwift.framework",
				"$(SRCROOT)/Carthage/Build/iOS/Result.framework",
			);
			name = "Run Carthage Script";
			outputPaths = (
			);
			runOnlyForDeploymentPostprocessing = 0;
			shellPath = /bin/sh;
			shellScript = "/usr/local/bin/carthage copy-frameworks";
		};
/* End PBXShellScriptBuildPhase section */

/* Begin PBXSourcesBuildPhase section */
		AF18DB102132E59500AE214F /* Sources */ = {
			isa = PBXSourcesBuildPhase;
			buildActionMask = 2147483647;
			files = (
				AFC9A3E9213AD669008AE7A2 /* IfCondition.swift in Sources */,
				AFC9A3F5213ADD0F008AE7A2 /* StateBuilder.swift in Sources */,
				AF18DB352132E9F900AE214F /* State.swift in Sources */,
				AFC9A3EB213AD68F008AE7A2 /* OnCondition.swift in Sources */,
				AFC9A3F7213ADD3F008AE7A2 /* WorkStateBuilder.swift in Sources */,
				AFC9A3E3213AD5DE008AE7A2 /* StateDirection.swift in Sources */,
				AFC9A3E7213AD63D008AE7A2 /* WorkStateContainer.swift in Sources */,
				AFC9A3F9213ADD8B008AE7A2 /* ConditionBuilder.swift in Sources */,
				AFC9A3FB213ADDD1008AE7A2 /* EventBuilder.swift in Sources */,
				AF18DB392132EA8200AE214F /* StateMachine.swift in Sources */,
				AFC9A3DF213AD557008AE7A2 /* WorkState.swift in Sources */,
				AFC9A3E1213AD5A1008AE7A2 /* ExtraStateProtocol.swift in Sources */,
				AFC9A3E5213AD612008AE7A2 /* StateContainer.swift in Sources */,
				AFC9A3FD213ADE13008AE7A2 /* WorkEventBuilder.swift in Sources */,
				AF18DB372132EA3000AE214F /* StateMachineBuilder.swift in Sources */,
				AFC9A3ED213AD6B7008AE7A2 /* ResultCondition.swift in Sources */,
			);
			runOnlyForDeploymentPostprocessing = 0;
		};
		AF18DB1A2132E59500AE214F /* Sources */ = {
			isa = PBXSourcesBuildPhase;
			buildActionMask = 2147483647;
			files = (
				AF18DB242132E59500AE214F /* DDStateMachineTests.swift in Sources */,
			);
			runOnlyForDeploymentPostprocessing = 0;
		};
/* End PBXSourcesBuildPhase section */

/* Begin PBXTargetDependency section */
		AF18DB212132E59500AE214F /* PBXTargetDependency */ = {
			isa = PBXTargetDependency;
			target = AF18DB142132E59500AE214F /* DDStateMachine */;
			targetProxy = AF18DB202132E59500AE214F /* PBXContainerItemProxy */;
		};
/* End PBXTargetDependency section */

/* Begin XCBuildConfiguration section */
		AF18DB272132E59500AE214F /* Debug */ = {
			isa = XCBuildConfiguration;
			buildSettings = {
				ALWAYS_SEARCH_USER_PATHS = NO;
				CLANG_ANALYZER_NONNULL = YES;
				CLANG_ANALYZER_NUMBER_OBJECT_CONVERSION = YES_AGGRESSIVE;
				CLANG_CXX_LANGUAGE_STANDARD = "gnu++14";
				CLANG_CXX_LIBRARY = "libc++";
				CLANG_ENABLE_MODULES = YES;
				CLANG_ENABLE_OBJC_ARC = YES;
				CLANG_ENABLE_OBJC_WEAK = YES;
				CLANG_WARN_BLOCK_CAPTURE_AUTORELEASING = YES;
				CLANG_WARN_BOOL_CONVERSION = YES;
				CLANG_WARN_COMMA = YES;
				CLANG_WARN_CONSTANT_CONVERSION = YES;
				CLANG_WARN_DEPRECATED_OBJC_IMPLEMENTATIONS = YES;
				CLANG_WARN_DIRECT_OBJC_ISA_USAGE = YES_ERROR;
				CLANG_WARN_DOCUMENTATION_COMMENTS = YES;
				CLANG_WARN_EMPTY_BODY = YES;
				CLANG_WARN_ENUM_CONVERSION = YES;
				CLANG_WARN_INFINITE_RECURSION = YES;
				CLANG_WARN_INT_CONVERSION = YES;
				CLANG_WARN_NON_LITERAL_NULL_CONVERSION = YES;
				CLANG_WARN_OBJC_IMPLICIT_RETAIN_SELF = YES;
				CLANG_WARN_OBJC_LITERAL_CONVERSION = YES;
				CLANG_WARN_OBJC_ROOT_CLASS = YES_ERROR;
				CLANG_WARN_RANGE_LOOP_ANALYSIS = YES;
				CLANG_WARN_STRICT_PROTOTYPES = YES;
				CLANG_WARN_SUSPICIOUS_MOVE = YES;
				CLANG_WARN_UNGUARDED_AVAILABILITY = YES_AGGRESSIVE;
				CLANG_WARN_UNREACHABLE_CODE = YES;
				CLANG_WARN__DUPLICATE_METHOD_MATCH = YES;
				CODE_SIGN_IDENTITY = "iPhone Developer";
				COPY_PHASE_STRIP = NO;
				CURRENT_PROJECT_VERSION = 1;
				DEBUG_INFORMATION_FORMAT = dwarf;
				ENABLE_STRICT_OBJC_MSGSEND = YES;
				ENABLE_TESTABILITY = YES;
				GCC_C_LANGUAGE_STANDARD = gnu11;
				GCC_DYNAMIC_NO_PIC = NO;
				GCC_NO_COMMON_BLOCKS = YES;
				GCC_OPTIMIZATION_LEVEL = 0;
				GCC_PREPROCESSOR_DEFINITIONS = (
					"DEBUG=1",
					"$(inherited)",
				);
				GCC_WARN_64_TO_32_BIT_CONVERSION = YES;
				GCC_WARN_ABOUT_RETURN_TYPE = YES_ERROR;
				GCC_WARN_UNDECLARED_SELECTOR = YES;
				GCC_WARN_UNINITIALIZED_AUTOS = YES_AGGRESSIVE;
				GCC_WARN_UNUSED_FUNCTION = YES;
				GCC_WARN_UNUSED_VARIABLE = YES;
				IPHONEOS_DEPLOYMENT_TARGET = 11.4;
				MTL_ENABLE_DEBUG_INFO = YES;
				ONLY_ACTIVE_ARCH = YES;
				SDKROOT = iphoneos;
				SWIFT_ACTIVE_COMPILATION_CONDITIONS = DEBUG;
				SWIFT_OPTIMIZATION_LEVEL = "-Onone";
				VERSIONING_SYSTEM = "apple-generic";
				VERSION_INFO_PREFIX = "";
			};
			name = Debug;
		};
		AF18DB282132E59500AE214F /* Release */ = {
			isa = XCBuildConfiguration;
			buildSettings = {
				ALWAYS_SEARCH_USER_PATHS = NO;
				CLANG_ANALYZER_NONNULL = YES;
				CLANG_ANALYZER_NUMBER_OBJECT_CONVERSION = YES_AGGRESSIVE;
				CLANG_CXX_LANGUAGE_STANDARD = "gnu++14";
				CLANG_CXX_LIBRARY = "libc++";
				CLANG_ENABLE_MODULES = YES;
				CLANG_ENABLE_OBJC_ARC = YES;
				CLANG_ENABLE_OBJC_WEAK = YES;
				CLANG_WARN_BLOCK_CAPTURE_AUTORELEASING = YES;
				CLANG_WARN_BOOL_CONVERSION = YES;
				CLANG_WARN_COMMA = YES;
				CLANG_WARN_CONSTANT_CONVERSION = YES;
				CLANG_WARN_DEPRECATED_OBJC_IMPLEMENTATIONS = YES;
				CLANG_WARN_DIRECT_OBJC_ISA_USAGE = YES_ERROR;
				CLANG_WARN_DOCUMENTATION_COMMENTS = YES;
				CLANG_WARN_EMPTY_BODY = YES;
				CLANG_WARN_ENUM_CONVERSION = YES;
				CLANG_WARN_INFINITE_RECURSION = YES;
				CLANG_WARN_INT_CONVERSION = YES;
				CLANG_WARN_NON_LITERAL_NULL_CONVERSION = YES;
				CLANG_WARN_OBJC_IMPLICIT_RETAIN_SELF = YES;
				CLANG_WARN_OBJC_LITERAL_CONVERSION = YES;
				CLANG_WARN_OBJC_ROOT_CLASS = YES_ERROR;
				CLANG_WARN_RANGE_LOOP_ANALYSIS = YES;
				CLANG_WARN_STRICT_PROTOTYPES = YES;
				CLANG_WARN_SUSPICIOUS_MOVE = YES;
				CLANG_WARN_UNGUARDED_AVAILABILITY = YES_AGGRESSIVE;
				CLANG_WARN_UNREACHABLE_CODE = YES;
				CLANG_WARN__DUPLICATE_METHOD_MATCH = YES;
				CODE_SIGN_IDENTITY = "iPhone Developer";
				COPY_PHASE_STRIP = NO;
				CURRENT_PROJECT_VERSION = 1;
				DEBUG_INFORMATION_FORMAT = "dwarf-with-dsym";
				ENABLE_NS_ASSERTIONS = NO;
				ENABLE_STRICT_OBJC_MSGSEND = YES;
				GCC_C_LANGUAGE_STANDARD = gnu11;
				GCC_NO_COMMON_BLOCKS = YES;
				GCC_WARN_64_TO_32_BIT_CONVERSION = YES;
				GCC_WARN_ABOUT_RETURN_TYPE = YES_ERROR;
				GCC_WARN_UNDECLARED_SELECTOR = YES;
				GCC_WARN_UNINITIALIZED_AUTOS = YES_AGGRESSIVE;
				GCC_WARN_UNUSED_FUNCTION = YES;
				GCC_WARN_UNUSED_VARIABLE = YES;
				IPHONEOS_DEPLOYMENT_TARGET = 11.4;
				MTL_ENABLE_DEBUG_INFO = NO;
				SDKROOT = iphoneos;
				SWIFT_COMPILATION_MODE = wholemodule;
				SWIFT_OPTIMIZATION_LEVEL = "-O";
				VALIDATE_PRODUCT = YES;
				VERSIONING_SYSTEM = "apple-generic";
				VERSION_INFO_PREFIX = "";
			};
			name = Release;
		};
		AF18DB2A2132E59500AE214F /* Debug */ = {
			isa = XCBuildConfiguration;
			buildSettings = {
				CLANG_ENABLE_MODULES = YES;
				CODE_SIGN_IDENTITY = "";
				CODE_SIGN_STYLE = Automatic;
				DEFINES_MODULE = YES;
				DYLIB_COMPATIBILITY_VERSION = 1;
				DYLIB_CURRENT_VERSION = 1;
				DYLIB_INSTALL_NAME_BASE = "@rpath";
				FRAMEWORK_SEARCH_PATHS = (
					"$(inherited)",
					"$(PROJECT_DIR)/Carthage/Build/iOS",
				);
				INFOPLIST_FILE = DDStateMachine/Info.plist;
				INSTALL_PATH = "$(LOCAL_LIBRARY_DIR)/Frameworks";
				IPHONEOS_DEPLOYMENT_TARGET = 10.3;
				LD_RUNPATH_SEARCH_PATHS = (
					"$(inherited)",
					"@executable_path/Frameworks",
					"@loader_path/Frameworks",
				);
				PRODUCT_BUNDLE_IDENTIFIER = DeadDog.DDStateMachine;
				PRODUCT_NAME = "$(TARGET_NAME:c99extidentifier)";
				SKIP_INSTALL = YES;
				SWIFT_OPTIMIZATION_LEVEL = "-Onone";
				SWIFT_VERSION = 4.0;
				TARGETED_DEVICE_FAMILY = "1,2";
			};
			name = Debug;
		};
		AF18DB2B2132E59500AE214F /* Release */ = {
			isa = XCBuildConfiguration;
			buildSettings = {
				CLANG_ENABLE_MODULES = YES;
				CODE_SIGN_IDENTITY = "";
				CODE_SIGN_STYLE = Automatic;
				DEFINES_MODULE = YES;
				DYLIB_COMPATIBILITY_VERSION = 1;
				DYLIB_CURRENT_VERSION = 1;
				DYLIB_INSTALL_NAME_BASE = "@rpath";
				FRAMEWORK_SEARCH_PATHS = (
					"$(inherited)",
					"$(PROJECT_DIR)/Carthage/Build/iOS",
				);
				INFOPLIST_FILE = DDStateMachine/Info.plist;
				INSTALL_PATH = "$(LOCAL_LIBRARY_DIR)/Frameworks";
				IPHONEOS_DEPLOYMENT_TARGET = 10.3;
				LD_RUNPATH_SEARCH_PATHS = (
					"$(inherited)",
					"@executable_path/Frameworks",
					"@loader_path/Frameworks",
				);
				PRODUCT_BUNDLE_IDENTIFIER = DeadDog.DDStateMachine;
				PRODUCT_NAME = "$(TARGET_NAME:c99extidentifier)";
				SKIP_INSTALL = YES;
				SWIFT_VERSION = 4.0;
				TARGETED_DEVICE_FAMILY = "1,2";
			};
			name = Release;
		};
		AF18DB2D2132E59500AE214F /* Debug */ = {
			isa = XCBuildConfiguration;
			buildSettings = {
				ALWAYS_EMBED_SWIFT_STANDARD_LIBRARIES = YES;
				CODE_SIGN_STYLE = Automatic;
				FRAMEWORK_SEARCH_PATHS = (
					"$(inherited)",
					"$(PROJECT_DIR)/Carthage/Build/iOS",
				);
				INFOPLIST_FILE = DDStateMachineTests/Info.plist;
				LD_RUNPATH_SEARCH_PATHS = (
					"$(inherited)",
					"@executable_path/Frameworks",
					"@loader_path/Frameworks",
				);
				PRODUCT_BUNDLE_IDENTIFIER = DeadDog.DDStateMachineTests;
				PRODUCT_NAME = "$(TARGET_NAME)";
				SWIFT_VERSION = 4.0;
				TARGETED_DEVICE_FAMILY = "1,2";
			};
			name = Debug;
		};
		AF18DB2E2132E59500AE214F /* Release */ = {
			isa = XCBuildConfiguration;
			buildSettings = {
				ALWAYS_EMBED_SWIFT_STANDARD_LIBRARIES = YES;
				CODE_SIGN_STYLE = Automatic;
				FRAMEWORK_SEARCH_PATHS = (
					"$(inherited)",
					"$(PROJECT_DIR)/Carthage/Build/iOS",
				);
				INFOPLIST_FILE = DDStateMachineTests/Info.plist;
				LD_RUNPATH_SEARCH_PATHS = (
					"$(inherited)",
					"@executable_path/Frameworks",
					"@loader_path/Frameworks",
				);
				PRODUCT_BUNDLE_IDENTIFIER = DeadDog.DDStateMachineTests;
				PRODUCT_NAME = "$(TARGET_NAME)";
				SWIFT_VERSION = 4.0;
				TARGETED_DEVICE_FAMILY = "1,2";
			};
			name = Release;
		};
/* End XCBuildConfiguration section */

/* Begin XCConfigurationList section */
		AF18DB0F2132E59500AE214F /* Build configuration list for PBXProject "DDStateMachine" */ = {
			isa = XCConfigurationList;
			buildConfigurations = (
				AF18DB272132E59500AE214F /* Debug */,
				AF18DB282132E59500AE214F /* Release */,
			);
			defaultConfigurationIsVisible = 0;
			defaultConfigurationName = Release;
		};
		AF18DB292132E59500AE214F /* Build configuration list for PBXNativeTarget "DDStateMachine" */ = {
			isa = XCConfigurationList;
			buildConfigurations = (
				AF18DB2A2132E59500AE214F /* Debug */,
				AF18DB2B2132E59500AE214F /* Release */,
			);
			defaultConfigurationIsVisible = 0;
			defaultConfigurationName = Release;
		};
		AF18DB2C2132E59500AE214F /* Build configuration list for PBXNativeTarget "DDStateMachineTests" */ = {
			isa = XCConfigurationList;
			buildConfigurations = (
				AF18DB2D2132E59500AE214F /* Debug */,
				AF18DB2E2132E59500AE214F /* Release */,
			);
			defaultConfigurationIsVisible = 0;
			defaultConfigurationName = Release;
		};
/* End XCConfigurationList section */
	};
	rootObject = AF18DB0C2132E59500AE214F /* Project object */;
}
